{
  "name": "app-buro",
  "lockfileVersion": 3,
  "requires": true,
  "packages": {
    "": {
      "dependencies": {
        "num-to-words": "^0.2.1"
      }
    },
    "node_modules/num-to-words": {
      "version": "0.2.1",
      "resolved": "https://registry.npmjs.org/num-to-words/-/num-to-words-0.2.1.tgz",
      "integrity": "sha512-VeftymvvMyVwf7bH49Lrt5dMk9lLX217rmrDBnZCx7dbqalnSDUzmDfQo6y59zSoomOTGP2oxXihM4QJUlJg+g=="
    }
  }
}
